<?xml version="1.0" encoding="UTF-8" standalone="yes" ?>
<CodeBlocks_project_file>
	<FileVersion major="1" minor="6" />
	<Project>
		<Option title="echecLib" />
		<Option pch_mode="2" />
		<Option compiler="gcc" />
		<Build>
			<Target title="Debug">
				<Option output="lib/Debug/echecLib" prefix_auto="1" extension_auto="1" />
				<Option working_dir="" />
				<Option object_output="obj/Debug/" />
				<Option type="2" />
				<Option compiler="gcc" />
				<Option createDefFile="1" />
				<Compiler>
					<Add option="-g" />
				</Compiler>
			</Target>
			<Target title="Release">
				<Option output="lib/Release/echecLib" prefix_auto="1" extension_auto="1" />
				<Option working_dir="" />
				<Option object_output="obj/Release/" />
				<Option type="2" />
				<Option compiler="gcc" />
				<Option createDefFile="1" />
				<Compiler>
					<Add option="-O2" />
					<Add option="-Wall" />
				</Compiler>
				<Linker>
					<Add option="-s" />
				</Linker>
			</Target>
		</Build>
		<Compiler>
			<Add option="-pedantic" />
			<Add option="-std=c++11" />
			<Add option="-Wextra" />
			<Add option="-Wall" />
			<Add directory="../lib/include" />
		</Compiler>
		<Unit filename="../lib/include/AllPieceListCommand.h" />
		<Unit filename="../lib/include/CastlingCommand.h" />
		<Unit filename="../lib/include/ChessBoard.h" />
		<Unit filename="../lib/include/Colors.h" />
		<Unit filename="../lib/include/Command.h" />
		<Unit filename="../lib/include/CommandSender.h" />
		<Unit filename="../lib/include/CommandTraits.h" />
		<Unit filename="../lib/include/ConcreteCommandSender.h" />
		<Unit filename="../lib/include/ConcreteInput.h" />
		<Unit filename="../lib/include/ConcretePiece.h" />
		<Unit filename="../lib/include/ConsoleOutput.h" />
		<Unit filename="../lib/include/ConsoleTag.h" />
		<Unit filename="../lib/include/Coordinate.h" />
		<Unit filename="../lib/include/Directions.h" />
		<Unit filename="../lib/include/ExitCommand.h" />
		<Unit filename="../lib/include/Game.h" />
		<Unit filename="../lib/include/GrandCastlingCommand.h" />
		<Unit filename="../lib/include/HelpCommand.h" />
		<Unit filename="../lib/include/InputSystem.h" />
		<Unit filename="../lib/include/KingIdentifier.h" />
		<Unit filename="../lib/include/KingInCheckFunctions.h" />
		<Unit filename="../lib/include/Move.h" />
		<Unit filename="../lib/include/MoveCommand.h" />
		<Unit filename="../lib/include/NeedInitCommand.h" />
		<Unit filename="../lib/include/NewGameCommand.h" />
		<Unit filename="../lib/include/NonCopyable.h" />
		<Unit filename="../lib/include/OutputSystem.h" />
		<Unit filename="../lib/include/PermissiveRuleChecker.h" />
		<Unit filename="../lib/include/Piece.h" />
		<Unit filename="../lib/include/PieceFactory.h" />
		<Unit filename="../lib/include/PiecePathChecker.h" />
		<Unit filename="../lib/include/PieceTags.h" />
		<Unit filename="../lib/include/PieceVisitor.h" />
		<Unit filename="../lib/include/Player.h" />
		<Unit filename="../lib/include/PlayerAllowedMoves.h" />
		<Unit filename="../lib/include/SimulatedPermissiveRuleChecker.h" />
		<Unit filename="../lib/include/SimulatedPiecePathChecker.h" />
		<Unit filename="../lib/include/SimulationFunctions.h" />
		<Unit filename="../lib/include/SurrenderCommand.h" />
		<Unit filename="../lib/include/TeamListCommand.h" />
		<Unit filename="../lib/include/UnexpectedCommand.h" />
		<Unit filename="../lib/include/UserInput.h" />
		<Unit filename="../lib/include/toConcreteOutput.h" />
		<Unit filename="../lib/include/toUpperFunction.h" />
		<Unit filename="../lib/src/ChessBoard.cpp" />
		<Unit filename="../lib/src/Command.cpp" />
		<Unit filename="../lib/src/CommandSender.cpp" />
		<Unit filename="../lib/src/ConsoleExplicit.cpp" />
		<Unit filename="../lib/src/ConsoleInput.cpp" />
		<Unit filename="../lib/src/Coordinate.cpp" />
		<Unit filename="../lib/src/Directions.cpp" />
		<Unit filename="../lib/src/Game.cpp" />
		<Unit filename="../lib/src/InputSystem.cpp" />
		<Unit filename="../lib/src/KingIdentifier.cpp" />
		<Unit filename="../lib/src/KingInCheckFunctions.cpp" />
		<Unit filename="../lib/src/OutputSystem.cpp" />
		<Unit filename="../lib/src/PermissiveRuleChecker.cpp" />
		<Unit filename="../lib/src/Piece.cpp" />
		<Unit filename="../lib/src/PieceFactory.cpp" />
		<Unit filename="../lib/src/PiecePathChecker.cpp" />
		<Unit filename="../lib/src/PieceVisitor.cpp" />
		<Unit filename="../lib/src/PlayerAllowedMoves.cpp" />
		<Unit filename="../lib/src/SimulatedPermissiveRuleChecker.cpp" />
		<Unit filename="../lib/src/SimulatedPiecePathChecker.cpp" />
		<Unit filename="../lib/src/UserInput.cpp" />
		<Unit filename="../lib/src/toUpperFunction.cpp" />
		<Extensions>
			<envvars />
			<code_completion />
			<debugger />
		</Extensions>
	</Project>
</CodeBlocks_project_file>
