<?xml version="1.0" encoding="UTF-8" standalone="yes" ?>
<CodeBlocks_project_file>
	<FileVersion major="1" minor="6" />
	<Project>
		<Option title="echecLib" />
		<Option pch_mode="2" />
		<Option compiler="gcc" />
		<Build>
			<Target title="Debug">
				<Option output="lib/Debug/echecLib" prefix_auto="1" extension_auto="1" />
				<Option working_dir="" />
				<Option object_output="obj/Debug/" />
				<Option type="2" />
				<Option compiler="gcc" />
				<Option createDefFile="1" />
				<Compiler>
					<Add option="-g" />
				</Compiler>
			</Target>
			<Target title="Release">
				<Option output="lib/Release/echecLib" prefix_auto="1" extension_auto="1" />
				<Option working_dir="" />
				<Option object_output="obj/Release/" />
				<Option type="2" />
				<Option compiler="gcc" />
				<Option createDefFile="1" />
				<Compiler>
					<Add option="-O2" />
					<Add option="-Wall" />
				</Compiler>
				<Linker>
					<Add option="-s" />
				</Linker>
			</Target>
		</Build>
		<Compiler>
			<Add option="-pedantic" />
			<Add option="-std=c++11" />
			<Add option="-Wextra" />
			<Add option="-Wall" />
			<Add directory="../include" />
		</Compiler>
		<Unit filename="../include/AllPieceListCommand.h" />
		<Unit filename="../include/CastlingCommand.h" />
		<Unit filename="../include/ChessBoard.h" />
		<Unit filename="../include/Colors.h" />
		<Unit filename="../include/Command.h" />
		<Unit filename="../include/CommandSender.h" />
		<Unit filename="../include/CommandTraits.h" />
		<Unit filename="../include/ConcreteCommandSender.h" />
		<Unit filename="../include/ConcreteInput.h" />
		<Unit filename="../include/ConcretePiece.h" />
		<Unit filename="../include/ConsoleOutput.h" />
		<Unit filename="../include/ConsoleTag.h" />
		<Unit filename="../include/Coordinate.h" />
		<Unit filename="../include/Directions.h" />
		<Unit filename="../include/ExitCommand.h" />
		<Unit filename="../include/Game.h" />
		<Unit filename="../include/GrandCastlingCommand.h" />
		<Unit filename="../include/HelpCommand.h" />
		<Unit filename="../include/InputSystem.h" />
		<Unit filename="../include/KingIdentifier.h" />
		<Unit filename="../include/KingInCheckFunctions.h" />
		<Unit filename="../include/Move.h" />
		<Unit filename="../include/MoveCommand.h" />
		<Unit filename="../include/NeedInitCommand.h" />
		<Unit filename="../include/NewGameCommand.h" />
		<Unit filename="../include/NonCopyable.h" />
		<Unit filename="../include/OutputSystem.h" />
		<Unit filename="../include/PermissiveRuleChecker.h" />
		<Unit filename="../include/Piece.h" />
		<Unit filename="../include/PieceFactory.h" />
		<Unit filename="../include/PiecePathChecker.h" />
		<Unit filename="../include/PieceTags.h" />
		<Unit filename="../include/PieceVisitor.h" />
		<Unit filename="../include/Player.h" />
		<Unit filename="../include/PlayerAllowedMoves.h" />
		<Unit filename="../include/SimulatedPermissiveRuleChecker.h" />
		<Unit filename="../include/SimulatedPiecePathChecker.h" />
		<Unit filename="../include/SimulationFunctions.h" />
		<Unit filename="../include/SurrenderCommand.h" />
		<Unit filename="../include/TeamListCommand.h" />
		<Unit filename="../include/UnexpectedCommand.h" />
		<Unit filename="../include/UserInput.h" />
		<Unit filename="../include/toConcreteOutput.h" />
		<Unit filename="../include/toUpperFunction.h" />
		<Unit filename="../src/ChessBoard.cpp" />
		<Unit filename="../src/Command.cpp" />
		<Unit filename="../src/CommandSender.cpp" />
		<Unit filename="../src/ConsoleExplicit.cpp" />
		<Unit filename="../src/ConsoleInput.cpp" />
		<Unit filename="../src/Coordinate.cpp" />
		<Unit filename="../src/Directions.cpp" />
		<Unit filename="../src/Game.cpp" />
		<Unit filename="../src/InputSystem.cpp" />
		<Unit filename="../src/KingIdentifier.cpp" />
		<Unit filename="../src/KingInCheckFunctions.cpp" />
		<Unit filename="../src/OutputSystem.cpp" />
		<Unit filename="../src/PermissiveRuleChecker.cpp" />
		<Unit filename="../src/Piece.cpp" />
		<Unit filename="../src/PieceFactory.cpp" />
		<Unit filename="../src/PiecePathChecker.cpp" />
		<Unit filename="../src/PieceVisitor.cpp" />
		<Unit filename="../src/PlayerAllowedMoves.cpp" />
		<Unit filename="../src/SimulatedPermissiveRuleChecker.cpp" />
		<Unit filename="../src/SimulatedPiecePathChecker.cpp" />
		<Unit filename="../src/UserInput.cpp" />
		<Unit filename="../src/toUpperFunction.cpp" />
		<Extensions>
			<envvars />
			<code_completion />
			<debugger />
		</Extensions>
	</Project>
</CodeBlocks_project_file>
